
Microsoft Visual Studio Solution File, Format Version 12.00
# Visual Studio 14
VisualStudioVersion = 14.0.25420.1
MinimumVisualStudioVersion = 10.0.40219.1
Project("{00D1A9C2-B5F0-4AF3-8072-F6C62B433612}") = "DKK", "DKK\DKK.sqlproj", "{BCEA1832-587E-497F-858B-B187ED64F8EB}"
EndProject
Project("{F14B399A-7131-4C87-9E4B-1186C45EF12D}") = "DKK_Reports", "DKK_Reports\DKK_Reports.rptproj", "{A3D64B3C-F67A-47E9-990B-FDA6B579FB1C}"
EndProject
Global
	GlobalSection(SolutionConfigurationPlatforms) = preSolution
		Debug|Any CPU = Debug|Any CPU
		DebugLocal|Any CPU = DebugLocal|Any CPU
		Release|Any CPU = Release|Any CPU
	EndGlobalSection
	GlobalSection(ProjectConfigurationPlatforms) = postSolution
		{BCEA1832-587E-497F-858B-B187ED64F8EB}.Debug|Any CPU.ActiveCfg = Debug|Any CPU
		{BCEA1832-587E-497F-858B-B187ED64F8EB}.Debug|Any CPU.Build.0 = Debug|Any CPU
		{BCEA1832-587E-497F-858B-B187ED64F8EB}.Debug|Any CPU.Deploy.0 = Debug|Any CPU
		{BCEA1832-587E-497F-858B-B187ED64F8EB}.DebugLocal|Any CPU.ActiveCfg = Debug|Any CPU
		{BCEA1832-587E-497F-858B-B187ED64F8EB}.DebugLocal|Any CPU.Build.0 = Debug|Any CPU
		{BCEA1832-587E-497F-858B-B187ED64F8EB}.DebugLocal|Any CPU.Deploy.0 = Debug|Any CPU
		{BCEA1832-587E-497F-858B-B187ED64F8EB}.Release|Any CPU.ActiveCfg = Release|Any CPU
		{BCEA1832-587E-497F-858B-B187ED64F8EB}.Release|Any CPU.Build.0 = Release|Any CPU
		{BCEA1832-587E-497F-858B-B187ED64F8EB}.Release|Any CPU.Deploy.0 = Release|Any CPU
		{A3D64B3C-F67A-47E9-990B-FDA6B579FB1C}.Debug|Any CPU.ActiveCfg = Debug
		{A3D64B3C-F67A-47E9-990B-FDA6B579FB1C}.Debug|Any CPU.Build.0 = Debug
		{A3D64B3C-F67A-47E9-990B-FDA6B579FB1C}.Debug|Any CPU.Deploy.0 = Debug
		{A3D64B3C-F67A-47E9-990B-FDA6B579FB1C}.DebugLocal|Any CPU.ActiveCfg = DebugLocal
		{A3D64B3C-F67A-47E9-990B-FDA6B579FB1C}.DebugLocal|Any CPU.Build.0 = DebugLocal
		{A3D64B3C-F67A-47E9-990B-FDA6B579FB1C}.Release|Any CPU.ActiveCfg = Release
		{A3D64B3C-F67A-47E9-990B-FDA6B579FB1C}.Release|Any CPU.Build.0 = Release
		{A3D64B3C-F67A-47E9-990B-FDA6B579FB1C}.Release|Any CPU.Deploy.0 = Release
	EndGlobalSection
	GlobalSection(SolutionProperties) = preSolution
		HideSolutionNode = FALSE
	EndGlobalSection
EndGlobal
