
Microsoft Visual Studio Solution File, Format Version 12.00
# Visual Studio 15
VisualStudioVersion = 15.0.28307.960
MinimumVisualStudioVersion = 10.0.40219.1
Project("{00D1A9C2-B5F0-4AF3-8072-F6C62B433612}") = "DKK", "DKK\DKK.sqlproj", "{BCEA1832-587E-497F-858B-B187ED64F8EB}"
EndProject
Project("{F14B399A-7131-4C87-9E4B-1186C45EF12D}") = "DKK_Reports", "DKK_Reports\DKK_Reports.rptproj", "{A3D64B3C-F67A-47E9-990B-FDA6B579FB1C}"
EndProject
Project("{FAE04EC0-301F-11D3-BF4B-00C04F79EFBC}") = "DKK_App", "DKK_App\DKK_App.csproj", "{814C2530-5B57-4CEE-B204-3D814F7C1FCA}"
EndProject
Project("{159641D6-6404-4A2A-AE62-294DE0FE8301}") = "DKK_Integration", "DKK_Integration\DKK_Integration.dtproj", "{113C188A-ADC2-4DE2-92E6-B1AAFF9F40FE}"
EndProject
Project("{FAE04EC0-301F-11D3-BF4B-00C04F79EFBC}") = "DKK_App_Test", "DKK_App_Test\DKK_App_Test.csproj", "{AF97D27F-2F00-496F-805C-1E4E601F8358}"
EndProject
Global
	GlobalSection(SolutionConfigurationPlatforms) = preSolution
		All|Any CPU = All|Any CPU
		Debug|Any CPU = Debug|Any CPU
		DebugLocal|Any CPU = DebugLocal|Any CPU
		Development|Any CPU = Development|Any CPU
		Release|Any CPU = Release|Any CPU
	EndGlobalSection
	GlobalSection(ProjectConfigurationPlatforms) = postSolution
		{BCEA1832-587E-497F-858B-B187ED64F8EB}.All|Any CPU.ActiveCfg = Release|Any CPU
		{BCEA1832-587E-497F-858B-B187ED64F8EB}.All|Any CPU.Build.0 = Release|Any CPU
		{BCEA1832-587E-497F-858B-B187ED64F8EB}.All|Any CPU.Deploy.0 = Release|Any CPU
		{BCEA1832-587E-497F-858B-B187ED64F8EB}.Debug|Any CPU.ActiveCfg = Debug|Any CPU
		{BCEA1832-587E-497F-858B-B187ED64F8EB}.Debug|Any CPU.Build.0 = Debug|Any CPU
		{BCEA1832-587E-497F-858B-B187ED64F8EB}.Debug|Any CPU.Deploy.0 = Debug|Any CPU
		{BCEA1832-587E-497F-858B-B187ED64F8EB}.DebugLocal|Any CPU.ActiveCfg = Debug|Any CPU
		{BCEA1832-587E-497F-858B-B187ED64F8EB}.DebugLocal|Any CPU.Build.0 = Debug|Any CPU
		{BCEA1832-587E-497F-858B-B187ED64F8EB}.DebugLocal|Any CPU.Deploy.0 = Debug|Any CPU
		{BCEA1832-587E-497F-858B-B187ED64F8EB}.Development|Any CPU.ActiveCfg = Debug|Any CPU
		{BCEA1832-587E-497F-858B-B187ED64F8EB}.Development|Any CPU.Build.0 = Debug|Any CPU
		{BCEA1832-587E-497F-858B-B187ED64F8EB}.Development|Any CPU.Deploy.0 = Debug|Any CPU
		{BCEA1832-587E-497F-858B-B187ED64F8EB}.Release|Any CPU.ActiveCfg = Release|Any CPU
		{BCEA1832-587E-497F-858B-B187ED64F8EB}.Release|Any CPU.Build.0 = Release|Any CPU
		{BCEA1832-587E-497F-858B-B187ED64F8EB}.Release|Any CPU.Deploy.0 = Release|Any CPU
		{A3D64B3C-F67A-47E9-990B-FDA6B579FB1C}.All|Any CPU.ActiveCfg = Release
		{A3D64B3C-F67A-47E9-990B-FDA6B579FB1C}.All|Any CPU.Build.0 = Release
		{A3D64B3C-F67A-47E9-990B-FDA6B579FB1C}.All|Any CPU.Deploy.0 = Release
		{A3D64B3C-F67A-47E9-990B-FDA6B579FB1C}.Debug|Any CPU.ActiveCfg = Debug
		{A3D64B3C-F67A-47E9-990B-FDA6B579FB1C}.Debug|Any CPU.Build.0 = Debug
		{A3D64B3C-F67A-47E9-990B-FDA6B579FB1C}.Debug|Any CPU.Deploy.0 = Debug
		{A3D64B3C-F67A-47E9-990B-FDA6B579FB1C}.DebugLocal|Any CPU.ActiveCfg = DebugLocal
		{A3D64B3C-F67A-47E9-990B-FDA6B579FB1C}.DebugLocal|Any CPU.Build.0 = DebugLocal
		{A3D64B3C-F67A-47E9-990B-FDA6B579FB1C}.Development|Any CPU.ActiveCfg = DebugLocal
		{A3D64B3C-F67A-47E9-990B-FDA6B579FB1C}.Development|Any CPU.Build.0 = DebugLocal
		{A3D64B3C-F67A-47E9-990B-FDA6B579FB1C}.Development|Any CPU.Deploy.0 = DebugLocal
		{A3D64B3C-F67A-47E9-990B-FDA6B579FB1C}.Release|Any CPU.ActiveCfg = Release
		{A3D64B3C-F67A-47E9-990B-FDA6B579FB1C}.Release|Any CPU.Build.0 = Release
		{A3D64B3C-F67A-47E9-990B-FDA6B579FB1C}.Release|Any CPU.Deploy.0 = Release
		{814C2530-5B57-4CEE-B204-3D814F7C1FCA}.All|Any CPU.ActiveCfg = Release|Any CPU
		{814C2530-5B57-4CEE-B204-3D814F7C1FCA}.All|Any CPU.Build.0 = Release|Any CPU
		{814C2530-5B57-4CEE-B204-3D814F7C1FCA}.Debug|Any CPU.ActiveCfg = Debug|Any CPU
		{814C2530-5B57-4CEE-B204-3D814F7C1FCA}.Debug|Any CPU.Build.0 = Debug|Any CPU
		{814C2530-5B57-4CEE-B204-3D814F7C1FCA}.DebugLocal|Any CPU.ActiveCfg = Debug|Any CPU
		{814C2530-5B57-4CEE-B204-3D814F7C1FCA}.DebugLocal|Any CPU.Build.0 = Debug|Any CPU
		{814C2530-5B57-4CEE-B204-3D814F7C1FCA}.Development|Any CPU.ActiveCfg = Debug|Any CPU
		{814C2530-5B57-4CEE-B204-3D814F7C1FCA}.Development|Any CPU.Build.0 = Debug|Any CPU
		{814C2530-5B57-4CEE-B204-3D814F7C1FCA}.Release|Any CPU.ActiveCfg = Release|Any CPU
		{814C2530-5B57-4CEE-B204-3D814F7C1FCA}.Release|Any CPU.Build.0 = Release|Any CPU
		{113C188A-ADC2-4DE2-92E6-B1AAFF9F40FE}.All|Any CPU.ActiveCfg = Development
		{113C188A-ADC2-4DE2-92E6-B1AAFF9F40FE}.All|Any CPU.Build.0 = Development
		{113C188A-ADC2-4DE2-92E6-B1AAFF9F40FE}.Debug|Any CPU.ActiveCfg = Development
		{113C188A-ADC2-4DE2-92E6-B1AAFF9F40FE}.Debug|Any CPU.Build.0 = Development
		{113C188A-ADC2-4DE2-92E6-B1AAFF9F40FE}.DebugLocal|Any CPU.ActiveCfg = Development
		{113C188A-ADC2-4DE2-92E6-B1AAFF9F40FE}.DebugLocal|Any CPU.Build.0 = Development
		{113C188A-ADC2-4DE2-92E6-B1AAFF9F40FE}.Development|Any CPU.ActiveCfg = Development
		{113C188A-ADC2-4DE2-92E6-B1AAFF9F40FE}.Development|Any CPU.Build.0 = Development
		{113C188A-ADC2-4DE2-92E6-B1AAFF9F40FE}.Release|Any CPU.ActiveCfg = Development
		{113C188A-ADC2-4DE2-92E6-B1AAFF9F40FE}.Release|Any CPU.Build.0 = Development
		{AF97D27F-2F00-496F-805C-1E4E601F8358}.All|Any CPU.ActiveCfg = Release|Any CPU
		{AF97D27F-2F00-496F-805C-1E4E601F8358}.All|Any CPU.Build.0 = Release|Any CPU
		{AF97D27F-2F00-496F-805C-1E4E601F8358}.Debug|Any CPU.ActiveCfg = Debug|Any CPU
		{AF97D27F-2F00-496F-805C-1E4E601F8358}.Debug|Any CPU.Build.0 = Debug|Any CPU
		{AF97D27F-2F00-496F-805C-1E4E601F8358}.DebugLocal|Any CPU.ActiveCfg = Debug|Any CPU
		{AF97D27F-2F00-496F-805C-1E4E601F8358}.DebugLocal|Any CPU.Build.0 = Debug|Any CPU
		{AF97D27F-2F00-496F-805C-1E4E601F8358}.Development|Any CPU.ActiveCfg = Debug|Any CPU
		{AF97D27F-2F00-496F-805C-1E4E601F8358}.Development|Any CPU.Build.0 = Debug|Any CPU
		{AF97D27F-2F00-496F-805C-1E4E601F8358}.Release|Any CPU.ActiveCfg = Release|Any CPU
		{AF97D27F-2F00-496F-805C-1E4E601F8358}.Release|Any CPU.Build.0 = Release|Any CPU
	EndGlobalSection
	GlobalSection(SolutionProperties) = preSolution
		HideSolutionNode = FALSE
	EndGlobalSection
	GlobalSection(ExtensibilityGlobals) = postSolution
		SolutionGuid = {B91DB3A0-6558-4800-91E2-ACB53D600F28}
	EndGlobalSection
EndGlobal
